// !$*UTF8*$!
{
	archiveVersion = 1;
	classes = {};
	objectVersion = 56;
	objects = {

/* Begin PBXBuildFile section */
		B72500000000000000000101 /* SpanishFrenchCaptionTests.swift in Sources */ = {isa = PBXBuildFile; fileRef = B72500000000000000000102 /* SpanishFrenchCaptionTests.swift */; };
		B72600000000000000000101 /* SpanishFrenchLearningNotesTests.swift in Sources */ = {isa = PBXBuildFile; fileRef = B72600000000000000000102 /* SpanishFrenchLearningNotesTests.swift */; };
		B72500000000000000000001 /* LatinCaptionPrompts.swift in Sources */ = {isa = PBXBuildFile; fileRef = B72500000000000000000002 /* LatinCaptionPrompts.swift */; };
		B72600000000000000000001 /* LatinLearningPrompts.swift in Sources */ = {isa = PBXBuildFile; fileRef = B72600000000000000000002 /* LatinLearningPrompts.swift */; };
		B72600000000000000000003 /* LatinLearningText.swift in Sources */ = {isa = PBXBuildFile; fileRef = B72600000000000000000004 /* LatinLearningText.swift */; };
		B71800000000000000000001 /* EnglishTargetTests.swift in Sources */ = {isa = PBXBuildFile; fileRef = B71800000000000000000002 /* EnglishTargetTests.swift */; };
		B72200000000000000000001 /* EnglishLearningNotesTests.swift in Sources */ = {isa = PBXBuildFile; fileRef = B72200000000000000000002 /* EnglishLearningNotesTests.swift */; };
		940000000000000000000001 /* FullScreenClassMode.swift in Sources */ = {isa = PBXBuildFile; fileRef = 940000000000000000000002 /* FullScreenClassMode.swift */; };
		940000000000000000000003 /* FullScreenClassModeTests.swift in Sources */ = {isa = PBXBuildFile; fileRef = 940000000000000000000004 /* FullScreenClassModeTests.swift */; };
		B71600000000000000000001 /* TargetSourcePolicyRefactorTests.swift in Sources */ = {isa = PBXBuildFile; fileRef = B71600000000000000000002 /* TargetSourcePolicyRefactorTests.swift */; };
		B71400000000000000000001 /* TargetPipelineRefactorTests.swift in Sources */ = {isa = PBXBuildFile; fileRef = B71400000000000000000002 /* TargetPipelineRefactorTests.swift */; };
		930000000000000000000001 /* FloatingSubtitleWindow.swift in Sources */ = {isa = PBXBuildFile; fileRef = 930000000000000000000002 /* FloatingSubtitleWindow.swift */; };
		930000000000000000000003 /* FloatingSubtitleWindowTests.swift in Sources */ = {isa = PBXBuildFile; fileRef = 930000000000000000000004 /* FloatingSubtitleWindowTests.swift */; };
		B71900000000000000000003 /* LatinTargetAcceptanceTests.swift in Sources */ = {isa = PBXBuildFile; fileRef = B71900000000000000000004 /* LatinTargetAcceptanceTests.swift */; };
		B71900000000000000000001 /* TargetAcceptance.swift in Sources */ = {isa = PBXBuildFile; fileRef = B71900000000000000000002 /* TargetAcceptance.swift */; };
		B70000000000000000000009 /* acceptance-verdicts-zh-Hans.json in Resources */ = {isa = PBXBuildFile; fileRef = B7000000000000000000000A /* acceptance-verdicts-zh-Hans.json */; };
		B70000000000000000000007 /* AcceptanceVerdictSnapshotTests.swift in Sources */ = {isa = PBXBuildFile; fileRef = B70000000000000000000008 /* AcceptanceVerdictSnapshotTests.swift */; };
		B70000000000000000000005 /* default-target-golden.json in Resources */ = {isa = PBXBuildFile; fileRef = B70000000000000000000006 /* default-target-golden.json */; };
		B70000000000000000000003 /* OutputLanguageBaselineTests.swift in Sources */ = {isa = PBXBuildFile; fileRef = B70000000000000000000004 /* OutputLanguageBaselineTests.swift */; };
		B70000000000000000000001 /* DefaultTargetGoldenTests.swift in Sources */ = {isa = PBXBuildFile; fileRef = B70000000000000000000002 /* DefaultTargetGoldenTests.swift */; };
		920000000000000000000001 /* TestPreferenceCleanup.swift in Sources */ = {isa = PBXBuildFile; fileRef = 920000000000000000000002 /* TestPreferenceCleanup.swift */; };
		910000000000000000000001 /* FloatingSubtitlePreferences.swift in Sources */ = {isa = PBXBuildFile; fileRef = 910000000000000000000002 /* FloatingSubtitlePreferences.swift */; };
		910000000000000000000003 /* FloatingSubtitleDisplayTests.swift in Sources */ = {isa = PBXBuildFile; fileRef = 910000000000000000000004 /* FloatingSubtitleDisplayTests.swift */; };
		14C010000000000000000001 /* ClassroomAppearanceTests.swift in Sources */ = {isa = PBXBuildFile; fileRef = 14C010000000000000000002 /* ClassroomAppearanceTests.swift */; };
		CA0000000000000000000203 /* CaptureHealthSafetyTests.swift in Sources */ = {isa = PBXBuildFile; fileRef = CA0000000000000000000204 /* CaptureHealthSafetyTests.swift */; };
		CA0000000000000000000103 /* CaptureHealthTests.swift in Sources */ = {isa = PBXBuildFile; fileRef = CA0000000000000000000104 /* CaptureHealthTests.swift */; };
		CA0000000000000000000101 /* CaptureHealth.swift in Sources */ = {isa = PBXBuildFile; fileRef = CA0000000000000000000102 /* CaptureHealth.swift */; };
		7F0000000000000000000005 /* TranslationRetirementRegressionTests.swift in Sources */ = {isa = PBXBuildFile; fileRef = 7F0000000000000000000006 /* TranslationRetirementRegressionTests.swift */; };
		7F0000000000000000000003 /* TranslationFailurePersistenceTests.swift in Sources */ = {isa = PBXBuildFile; fileRef = 7F0000000000000000000004 /* TranslationFailurePersistenceTests.swift */; };
		7F0000000000000000000001 /* TranslationFailureRecoveryTests.swift in Sources */ = {isa = PBXBuildFile; fileRef = 7F0000000000000000000002 /* TranslationFailureRecoveryTests.swift */; };
		900000000000000000000001 /* CaptionPresentation.swift in Sources */ = {isa = PBXBuildFile; fileRef = 900000000000000000000002 /* CaptionPresentation.swift */; };
		900000000000000000000003 /* MultilingualCaptionPresentationTests.swift in Sources */ = {isa = PBXBuildFile; fileRef = 900000000000000000000004 /* MultilingualCaptionPresentationTests.swift */; };
		789000000000000000000003 /* MultilingualSessionExporterTests.swift in Sources */ = {isa = PBXBuildFile; fileRef = 789000000000000000000004 /* MultilingualSessionExporterTests.swift */; };
		789000000000000000000001 /* MultilingualLearningNotesTests.swift in Sources */ = {isa = PBXBuildFile; fileRef = 789000000000000000000002 /* MultilingualLearningNotesTests.swift */; };
		23DAF99A6A46840EF75BFF87 /* MultilingualCaptionGateTests.swift in Sources */ = {isa = PBXBuildFile; fileRef = 6C634054097ADC3A8106F6CC /* MultilingualCaptionGateTests.swift */; };
		85FDBC2832DCA7D90ADB81A7 /* MultilingualAppModelTests.swift in Sources */ = {isa = PBXBuildFile; fileRef = E36FE3F43F9C3628B4ACABDC /* MultilingualAppModelTests.swift */; };
		0E5D0123C95A0E85803EF27C /* MultilingualTranslationTests.swift in Sources */ = {isa = PBXBuildFile; fileRef = 9503EACCE84D2D8339D5B133 /* MultilingualTranslationTests.swift */; };
		EA1F1D3944F74AA19F668907 /* LanguageCompatibilityTests.swift in Sources */ = {isa = PBXBuildFile; fileRef = EA1F1D3944F74AA19F668908 /* LanguageCompatibilityTests.swift */; };
		EA1F1D3944F74AA19F668905 /* SourceLanguagePolicyTests.swift in Sources */ = {isa = PBXBuildFile; fileRef = EA1F1D3944F74AA19F668906 /* SourceLanguagePolicyTests.swift */; };
		EA1F1D3944F74AA19F668903 /* SourceLanguagePolicy.swift in Sources */ = {isa = PBXBuildFile; fileRef = EA1F1D3944F74AA19F668904 /* SourceLanguagePolicy.swift */; };
		EA1F1D3944F74AA19F668901 /* SpokenLanguage.swift in Sources */ = {isa = PBXBuildFile; fileRef = EA1F1D3944F74AA19F668902 /* SpokenLanguage.swift */; };
		C4DB2CDE54194730B47985D8 /* WaveformFreshnessAcceptanceTests.swift in Sources */ = {isa = PBXBuildFile; fileRef = BDBD81461CD14BB28D892236 /* WaveformFreshnessAcceptanceTests.swift */; };
		4B1F01A936444537B3A68D72 /* WaveformFreshness.swift in Sources */ = {isa = PBXBuildFile; fileRef = CA5F00F22FE54B509A3AB67B /* WaveformFreshness.swift */; };
		A10000000000000000000026 /* SpeechPreviewAssets.swift in Sources */ = {isa = PBXBuildFile; fileRef = A20000000000000000000026 /* SpeechPreviewAssets.swift */; };
		A10000000000000000000020 /* CausalBoundaryRegressionTests.swift in Sources */ = {isa = PBXBuildFile; fileRef = A20000000000000000000020 /* CausalBoundaryRegressionTests.swift */; };
		A10000000000000000000025 /* CaptionStabilityDraftTests.swift in Sources */ = {isa = PBXBuildFile; fileRef = A20000000000000000000025 /* CaptionStabilityDraftTests.swift */; };
		A10000000000000000000024 /* CaptionStabilitySchedulingTests.swift in Sources */ = {isa = PBXBuildFile; fileRef = A20000000000000000000024 /* CaptionStabilitySchedulingTests.swift */; };
		A10000000000000000000023 /* CaptionStabilityLifecycleTests.swift in Sources */ = {isa = PBXBuildFile; fileRef = A20000000000000000000023 /* CaptionStabilityLifecycleTests.swift */; };
		A10000000000000000000022 /* CaptionStabilityPublicationTests.swift in Sources */ = {isa = PBXBuildFile; fileRef = A20000000000000000000022 /* CaptionStabilityPublicationTests.swift */; };
		A10000000000000000000016 /* LearningNotes.swift in Sources */ = {isa = PBXBuildFile; fileRef = A20000000000000000000016 /* LearningNotes.swift */; };
		A10000000000000000000017 /* MLXRuntime.swift in Sources */ = {isa = PBXBuildFile; fileRef = A20000000000000000000017 /* MLXRuntime.swift */; };
		A10000000000000000000018 /* ASRRuntime.swift in Sources */ = {isa = PBXBuildFile; fileRef = A20000000000000000000018 /* ASRRuntime.swift */; };
		A10000000000000000000015 /* AppIcon.icon in Resources */ = {isa = PBXBuildFile; fileRef = A20000000000000000000015 /* AppIcon.icon */; };
		A10000000000000000000014 /* AcademicDomain.swift in Sources */ = {isa = PBXBuildFile; fileRef = A20000000000000000000014 /* AcademicDomain.swift */; };
		A10000000000000000000001 /* LiveLingoApp.swift in Sources */ = {isa = PBXBuildFile; fileRef = A20000000000000000000001 /* LiveLingoApp.swift */; };
		A10000000000000000000002 /* ContentView.swift in Sources */ = {isa = PBXBuildFile; fileRef = A20000000000000000000002 /* ContentView.swift */; };
		A10000000000000000000003 /* FloatingSubtitleView.swift in Sources */ = {isa = PBXBuildFile; fileRef = A20000000000000000000003 /* FloatingSubtitleView.swift */; };
		A10000000000000000000004 /* AppModel.swift in Sources */ = {isa = PBXBuildFile; fileRef = A20000000000000000000004 /* AppModel.swift */; };
		A10000000000000000000005 /* SpeechPipeline.swift in Sources */ = {isa = PBXBuildFile; fileRef = A20000000000000000000005 /* SpeechPipeline.swift */; };
		A10000000000000000000006 /* TranscriptSegment.swift in Sources */ = {isa = PBXBuildFile; fileRef = A20000000000000000000006 /* TranscriptSegment.swift */; };
		A10000000000000000000007 /* SessionExporter.swift in Sources */ = {isa = PBXBuildFile; fileRef = A20000000000000000000007 /* SessionExporter.swift */; };
		A10000000000000000000008 /* SessionExporterTests.swift in Sources */ = {isa = PBXBuildFile; fileRef = A20000000000000000000008 /* SessionExporterTests.swift */; };
		A10000000000000000000009 /* QwenRuntime.swift in Sources */ = {isa = PBXBuildFile; fileRef = A2000000000000000000000D /* QwenRuntime.swift */; };
		A10000000000000000000010 /* CausalBoundary.swift in Sources */ = {isa = PBXBuildFile; fileRef = A20000000000000000000010 /* CausalBoundary.swift */; };
		A10000000000000000000011 /* SpeechActivityDetector.swift in Sources */ = {isa = PBXBuildFile; fileRef = A20000000000000000000011 /* SpeechActivityDetector.swift */; };
		A10000000000000000000012 /* SummaryRefreshPolicy.swift in Sources */ = {isa = PBXBuildFile; fileRef = A20000000000000000000012 /* SummaryRefreshPolicy.swift */; };
		A10000000000000000000021 /* CaptionNoteGate.swift in Sources */ = {isa = PBXBuildFile; fileRef = A20000000000000000000021 /* CaptionNoteGate.swift */; };
		A10000000000000000000013 /* RealtimePolicyTests.swift in Sources */ = {isa = PBXBuildFile; fileRef = A20000000000000000000013 /* RealtimePolicyTests.swift */; };
		A10000000000000000000019 /* TranslationAcceptanceTests.swift in Sources */ = {isa = PBXBuildFile; fileRef = A20000000000000000000019 /* TranslationAcceptanceTests.swift */; };
		A1000000000000000000001A /* AudioContinuityTests.swift in Sources */ = {isa = PBXBuildFile; fileRef = A2000000000000000000001A /* AudioContinuityTests.swift */; };
		A1000000000000000000001B /* ExportAndPriorityTests.swift in Sources */ = {isa = PBXBuildFile; fileRef = A2000000000000000000001B /* ExportAndPriorityTests.swift */; };
		A1000000000000000000001C /* ReviewRetryTests.swift in Sources */ = {isa = PBXBuildFile; fileRef = A2000000000000000000001C /* ReviewRetryTests.swift */; };
		A1000000000000000000001D /* MediaImportTests.swift in Sources */ = {isa = PBXBuildFile; fileRef = A2000000000000000000001D /* MediaImportTests.swift */; };
		A1000000000000000000001E /* ClassroomPresentationTests.swift in Sources */ = {isa = PBXBuildFile; fileRef = A2000000000000000000001E /* ClassroomPresentationTests.swift */; };
		A1000000000000000000001F /* LearningFollowUpTests.swift in Sources */ = {isa = PBXBuildFile; fileRef = A2000000000000000000001F /* LearningFollowUpTests.swift */; };
		97F1A2C9FD8748DB092D32F2 /* CodeIndexProvenanceTests.swift in Sources */ = {isa = PBXBuildFile; fileRef = B0AE357E04C9DB48AE7E5DAE /* CodeIndexProvenanceTests.swift */; };
		D4E69378D56E4279BE15D3B3 /* NumberLiteralIntegrityTests.swift in Sources */ = {isa = PBXBuildFile; fileRef = 9505FFEB607E48AF8146001F /* NumberLiteralIntegrityTests.swift */; };
		324C076031A3417B868B9D8D /* CountLanguageAcceptanceTests.swift in Sources */ = {isa = PBXBuildFile; fileRef = 4C6F7E0AA37E495AAA0B5C85 /* CountLanguageAcceptanceTests.swift */; };
		84845F083D7F515C9602CB68 /* TranscriptStateTests.swift in Sources */ = {isa = PBXBuildFile; fileRef = 61481391EF47F304FE7C5586 /* TranscriptStateTests.swift */; };
		0CE01B4507E3276B965D388A /* MLXOwnershipTests.swift in Sources */ = {isa = PBXBuildFile; fileRef = 8A7AEC88E07581EB6259A137 /* MLXOwnershipTests.swift */; };
		63BEA4E5E39D622B4EC44543 /* DurableTranscriptionJournal.swift in Sources */ = {isa = PBXBuildFile; fileRef = 9A3D7CDD5E39556753A3B06B /* DurableTranscriptionJournal.swift */; };
		926DEFA3AD833EA51F9BD475 /* DurableTranscriptionQueue.swift in Sources */ = {isa = PBXBuildFile; fileRef = 87D559A0FD3F562C84EFB257 /* DurableTranscriptionQueue.swift */; };
		0B6B7EED57EB6BAF1FB68FC1 /* OwnedAudioCaptureBuffer.swift in Sources */ = {isa = PBXBuildFile; fileRef = B833F34021E6F4BEE1D2B441 /* OwnedAudioCaptureBuffer.swift */; };
		2D1715B97C76BEDE7F2CBB46 /* SessionArchive.swift in Sources */ = {isa = PBXBuildFile; fileRef = 9C515AF185EA23ED7DF663B2 /* SessionArchive.swift */; };
		0E7CC0733A40B8A165F7ED08 /* SessionPersistence.swift in Sources */ = {isa = PBXBuildFile; fileRef = 2CFCC412D4AE76DA01E9C312 /* SessionPersistence.swift */; };
		3D87E46FA3512FF05EEC61B8 /* SessionTreeMigration.swift in Sources */ = {isa = PBXBuildFile; fileRef = EF18D4B0ACF524E7BF92AE94 /* SessionTreeMigration.swift */; };
		426BDE147DC859D73739A60C /* AudioRemediationTests.swift in Sources */ = {isa = PBXBuildFile; fileRef = 6B24813D3AB630C6B987A16C /* AudioRemediationTests.swift */; };
		ED4315AD3367783A35A82407 /* SessionStoreTests.swift in Sources */ = {isa = PBXBuildFile; fileRef = E3E7681F6F6509C442F83158 /* SessionStoreTests.swift */; };
		B676BBD2DF14830C33164843 /* SessionTreeMigrationTests.swift in Sources */ = {isa = PBXBuildFile; fileRef = A604E8F57B707990169FA517 /* SessionTreeMigrationTests.swift */; };
		BA0F6204768C526F80F5FC3D /* CaptionIdentityTests.swift in Sources */ = {isa = PBXBuildFile; fileRef = 0464AE938D0DA8BDFC01AC02 /* CaptionIdentityTests.swift */; };
		9A370BEED6949FE07A6DF843 /* SavedProcessingView.swift in Sources */ = {isa = PBXBuildFile; fileRef = 7D949BF904F20EF13F754C6D /* SavedProcessingView.swift */; };
		D9EDEB0CD580BC2572257002 /* ResourceScheduling.swift in Sources */ = {isa = PBXBuildFile; fileRef = BD92DF6ED58E3564FF373249 /* ResourceScheduling.swift */; };
		BFEA359EEB395F257C15B7E0 /* ReviewIdentity.swift in Sources */ = {isa = PBXBuildFile; fileRef = DC2A12CCCC919BB523AFFB33 /* ReviewIdentity.swift */; };
		04F78613ACCF181FC7155CCF /* ReviewReportCollection.swift in Sources */ = {isa = PBXBuildFile; fileRef = EA33EF11F70BAA832EBE7D3D /* ReviewReportCollection.swift */; };
		892593BBED8FB1FC9C4B9892 /* ResourceSchedulingTests.swift in Sources */ = {isa = PBXBuildFile; fileRef = 337292BF21D61DC3DF379BC0 /* ResourceSchedulingTests.swift */; };
		0D3DFC0CF75D7D67AC572AD4 /* SessionPersistenceTests.swift in Sources */ = {isa = PBXBuildFile; fileRef = 7B302D42994401027F0893B5 /* SessionPersistenceTests.swift */; };
		F74C17E4B9DBAB4B17E9A433 /* ReviewIdentityTests.swift in Sources */ = {isa = PBXBuildFile; fileRef = 3B3A361BF6A43DB2222C7A97 /* ReviewIdentityTests.swift */; };
		B70500000000000000000001 /* OutputLanguage.swift in Sources */ = {isa = PBXBuildFile; fileRef = B70500000000000000000002 /* OutputLanguage.swift */; };
		B75500000000000000000001 /* TargetDefaultingTests.swift in Sources */ = {isa = PBXBuildFile; fileRef = B75500000000000000000002 /* TargetDefaultingTests.swift */; };
		B75600000000000000000001 /* TargetPersistenceTests.swift in Sources */ = {isa = PBXBuildFile; fileRef = B75600000000000000000002 /* TargetPersistenceTests.swift */; };
		B76600000000000000000001 /* CourseOutputLanguageTests.swift in Sources */ = {isa = PBXBuildFile; fileRef = B76600000000000000000002 /* CourseOutputLanguageTests.swift */; };
		B75700000000000000000001 /* TargetExportTests.swift in Sources */ = {isa = PBXBuildFile; fileRef = B75700000000000000000002 /* TargetExportTests.swift */; };
		B75800000000000000000001 /* TargetReviewRegressionTests.swift in Sources */ = {isa = PBXBuildFile; fileRef = B75800000000000000000002 /* TargetReviewRegressionTests.swift */; };
		C70400000000000000000001 /* ChineseScriptConverter.swift in Sources */ = {isa = PBXBuildFile; fileRef = C70400000000000000000002 /* ChineseScriptConverter.swift */; };
		C70400000000000000000003 /* ChineseScriptConverterTests.swift in Sources */ = {isa = PBXBuildFile; fileRef = C70400000000000000000004 /* ChineseScriptConverterTests.swift */; };
		C70400000000000000000005 /* ZhVariants in Resources */ = {isa = PBXBuildFile; fileRef = C70400000000000000000006 /* ZhVariants */; };
		C70400000000000000000007 /* ZhVariantFixtures in Resources */ = {isa = PBXBuildFile; fileRef = C70400000000000000000008 /* ZhVariantFixtures */; };
		C70800000000000000000001 /* TraditionalCaptionPresentationTests.swift in Sources */ = {isa = PBXBuildFile; fileRef = C70800000000000000000002 /* TraditionalCaptionPresentationTests.swift */; };
		C70900000000000000000001 /* ClassroomMarkdownRendering.swift in Sources */ = {isa = PBXBuildFile; fileRef = C70900000000000000000002 /* ClassroomMarkdownRendering.swift */; };
		C70900000000000000000003 /* TraditionalMarkdownRenderingTests.swift in Sources */ = {isa = PBXBuildFile; fileRef = C70900000000000000000004 /* TraditionalMarkdownRenderingTests.swift */; };
		C71000000000000000000001 /* TraditionalSessionExporterTests.swift in Sources */ = {isa = PBXBuildFile; fileRef = C71000000000000000000002 /* TraditionalSessionExporterTests.swift */; };
/* End PBXBuildFile section */

/* Begin PBXContainerItemProxy section */
		A30000000000000000000001 = {
			isa = PBXContainerItemProxy;
			containerPortal = A40000000000000000000001 /* Project object */;
			proxyType = 1;
			remoteGlobalIDString = A50000000000000000000001;
			remoteInfo = LiveLingo;
		};
/* End PBXContainerItemProxy section */

/* Begin PBXFileReference section */
		B72500000000000000000102 /* SpanishFrenchCaptionTests.swift */ = {isa = PBXFileReference; lastKnownFileType = sourcecode.swift; path = SpanishFrenchCaptionTests.swift; sourceTree = "<group>"; };
		B72600000000000000000102 /* SpanishFrenchLearningNotesTests.swift */ = {isa = PBXFileReference; lastKnownFileType = sourcecode.swift; path = SpanishFrenchLearningNotesTests.swift; sourceTree = "<group>"; };
		B72500000000000000000002 /* LatinCaptionPrompts.swift */ = {isa = PBXFileReference; lastKnownFileType = sourcecode.swift; path = LatinCaptionPrompts.swift; sourceTree = "<group>"; };
		B72600000000000000000002 /* LatinLearningPrompts.swift */ = {isa = PBXFileReference; lastKnownFileType = sourcecode.swift; path = LatinLearningPrompts.swift; sourceTree = "<group>"; };
		B72600000000000000000004 /* LatinLearningText.swift */ = {isa = PBXFileReference; lastKnownFileType = sourcecode.swift; path = LatinLearningText.swift; sourceTree = "<group>"; };
		B71800000000000000000002 /* EnglishTargetTests.swift */ = {isa = PBXFileReference; lastKnownFileType = sourcecode.swift; path = EnglishTargetTests.swift; sourceTree = "<group>"; };
		B72200000000000000000002 /* EnglishLearningNotesTests.swift */ = {isa = PBXFileReference; lastKnownFileType = sourcecode.swift; path = EnglishLearningNotesTests.swift; sourceTree = "<group>"; };
		940000000000000000000002 /* FullScreenClassMode.swift */ = {isa = PBXFileReference; lastKnownFileType = sourcecode.swift; path = FullScreenClassMode.swift; sourceTree = "<group>"; };
		940000000000000000000004 /* FullScreenClassModeTests.swift */ = {isa = PBXFileReference; lastKnownFileType = sourcecode.swift; path = FullScreenClassModeTests.swift; sourceTree = "<group>"; };
		B71600000000000000000002 /* TargetSourcePolicyRefactorTests.swift */ = {isa = PBXFileReference; lastKnownFileType = sourcecode.swift; path = TargetSourcePolicyRefactorTests.swift; sourceTree = "<group>"; };
		B71400000000000000000002 /* TargetPipelineRefactorTests.swift */ = {isa = PBXFileReference; lastKnownFileType = sourcecode.swift; path = TargetPipelineRefactorTests.swift; sourceTree = "<group>"; };
		930000000000000000000002 /* FloatingSubtitleWindow.swift */ = {isa = PBXFileReference; lastKnownFileType = sourcecode.swift; path = FloatingSubtitleWindow.swift; sourceTree = "<group>"; };
		930000000000000000000004 /* FloatingSubtitleWindowTests.swift */ = {isa = PBXFileReference; lastKnownFileType = sourcecode.swift; path = FloatingSubtitleWindowTests.swift; sourceTree = "<group>"; };
		B71900000000000000000004 /* LatinTargetAcceptanceTests.swift */ = {isa = PBXFileReference; lastKnownFileType = sourcecode.swift; path = LatinTargetAcceptanceTests.swift; sourceTree = "<group>"; };
		B71900000000000000000002 /* TargetAcceptance.swift */ = {isa = PBXFileReference; lastKnownFileType = sourcecode.swift; path = TargetAcceptance.swift; sourceTree = "<group>"; };
		B7000000000000000000000A /* acceptance-verdicts-zh-Hans.json */ = {isa = PBXFileReference; lastKnownFileType = text.json; path = "Fixtures/acceptance-verdicts-zh-Hans.json"; sourceTree = "<group>"; };
		B70000000000000000000008 /* AcceptanceVerdictSnapshotTests.swift */ = {isa = PBXFileReference; lastKnownFileType = sourcecode.swift; path = AcceptanceVerdictSnapshotTests.swift; sourceTree = "<group>"; };
		B70000000000000000000006 /* default-target-golden.json */ = {isa = PBXFileReference; lastKnownFileType = text.json; path = "Fixtures/default-target-golden.json"; sourceTree = "<group>"; };
		B70000000000000000000004 /* OutputLanguageBaselineTests.swift */ = {isa = PBXFileReference; lastKnownFileType = sourcecode.swift; path = OutputLanguageBaselineTests.swift; sourceTree = "<group>"; };
		B70000000000000000000002 /* DefaultTargetGoldenTests.swift */ = {isa = PBXFileReference; lastKnownFileType = sourcecode.swift; path = DefaultTargetGoldenTests.swift; sourceTree = "<group>"; };
		920000000000000000000002 /* TestPreferenceCleanup.swift */ = {isa = PBXFileReference; lastKnownFileType = sourcecode.swift; path = TestPreferenceCleanup.swift; sourceTree = "<group>"; };
		910000000000000000000002 /* FloatingSubtitlePreferences.swift */ = {isa = PBXFileReference; lastKnownFileType = sourcecode.swift; path = FloatingSubtitlePreferences.swift; sourceTree = "<group>"; };
		910000000000000000000004 /* FloatingSubtitleDisplayTests.swift */ = {isa = PBXFileReference; lastKnownFileType = sourcecode.swift; path = FloatingSubtitleDisplayTests.swift; sourceTree = "<group>"; };
		14C010000000000000000002 /* ClassroomAppearanceTests.swift */ = {isa = PBXFileReference; lastKnownFileType = sourcecode.swift; path = ClassroomAppearanceTests.swift; sourceTree = "<group>"; };
		CA0000000000000000000204 /* CaptureHealthSafetyTests.swift */ = {isa = PBXFileReference; lastKnownFileType = sourcecode.swift; path = CaptureHealthSafetyTests.swift; sourceTree = "<group>"; };
		CA0000000000000000000104 /* CaptureHealthTests.swift */ = {isa = PBXFileReference; lastKnownFileType = sourcecode.swift; path = CaptureHealthTests.swift; sourceTree = "<group>"; };
		CA0000000000000000000102 /* CaptureHealth.swift */ = {isa = PBXFileReference; lastKnownFileType = sourcecode.swift; path = CaptureHealth.swift; sourceTree = "<group>"; };
		7F0000000000000000000006 /* TranslationRetirementRegressionTests.swift */ = {isa = PBXFileReference; lastKnownFileType = sourcecode.swift; path = TranslationRetirementRegressionTests.swift; sourceTree = "<group>"; };
		7F0000000000000000000004 /* TranslationFailurePersistenceTests.swift */ = {isa = PBXFileReference; lastKnownFileType = sourcecode.swift; path = TranslationFailurePersistenceTests.swift; sourceTree = "<group>"; };
		7F0000000000000000000002 /* TranslationFailureRecoveryTests.swift */ = {isa = PBXFileReference; lastKnownFileType = sourcecode.swift; path = TranslationFailureRecoveryTests.swift; sourceTree = "<group>"; };
		900000000000000000000002 /* CaptionPresentation.swift */ = {isa = PBXFileReference; lastKnownFileType = sourcecode.swift; path = CaptionPresentation.swift; sourceTree = "<group>"; };
		900000000000000000000004 /* MultilingualCaptionPresentationTests.swift */ = {isa = PBXFileReference; lastKnownFileType = sourcecode.swift; path = MultilingualCaptionPresentationTests.swift; sourceTree = "<group>"; };
		789000000000000000000004 /* MultilingualSessionExporterTests.swift */ = {isa = PBXFileReference; lastKnownFileType = sourcecode.swift; path = MultilingualSessionExporterTests.swift; sourceTree = "<group>"; };
		789000000000000000000002 /* MultilingualLearningNotesTests.swift */ = {isa = PBXFileReference; lastKnownFileType = sourcecode.swift; path = MultilingualLearningNotesTests.swift; sourceTree = "<group>"; };
		6C634054097ADC3A8106F6CC /* MultilingualCaptionGateTests.swift */ = {isa = PBXFileReference; lastKnownFileType = sourcecode.swift; path = MultilingualCaptionGateTests.swift; sourceTree = "<group>"; };
		E36FE3F43F9C3628B4ACABDC /* MultilingualAppModelTests.swift */ = {isa = PBXFileReference; lastKnownFileType = sourcecode.swift; path = MultilingualAppModelTests.swift; sourceTree = "<group>"; };
		9503EACCE84D2D8339D5B133 /* MultilingualTranslationTests.swift */ = {isa = PBXFileReference; lastKnownFileType = sourcecode.swift; path = MultilingualTranslationTests.swift; sourceTree = "<group>"; };
		EA1F1D3944F74AA19F668908 /* LanguageCompatibilityTests.swift */ = {isa = PBXFileReference; lastKnownFileType = sourcecode.swift; path = LanguageCompatibilityTests.swift; sourceTree = "<group>"; };
		EA1F1D3944F74AA19F668906 /* SourceLanguagePolicyTests.swift */ = {isa = PBXFileReference; lastKnownFileType = sourcecode.swift; path = SourceLanguagePolicyTests.swift; sourceTree = "<group>"; };
		EA1F1D3944F74AA19F668904 /* SourceLanguagePolicy.swift */ = {isa = PBXFileReference; lastKnownFileType = sourcecode.swift; path = SourceLanguagePolicy.swift; sourceTree = "<group>"; };
		EA1F1D3944F74AA19F668902 /* SpokenLanguage.swift */ = {isa = PBXFileReference; lastKnownFileType = sourcecode.swift; path = SpokenLanguage.swift; sourceTree = "<group>"; };
		BDBD81461CD14BB28D892236 /* WaveformFreshnessAcceptanceTests.swift */ = {isa = PBXFileReference; lastKnownFileType = sourcecode.swift; path = WaveformFreshnessAcceptanceTests.swift; sourceTree = "<group>"; };
		CA5F00F22FE54B509A3AB67B /* WaveformFreshness.swift */ = {isa = PBXFileReference; lastKnownFileType = sourcecode.swift; path = WaveformFreshness.swift; sourceTree = "<group>"; };
		A20000000000000000000026 /* SpeechPreviewAssets.swift */ = {isa = PBXFileReference; lastKnownFileType = sourcecode.swift; path = SpeechPreviewAssets.swift; sourceTree = "<group>"; };
		A20000000000000000000020 /* CausalBoundaryRegressionTests.swift */ = {isa = PBXFileReference; lastKnownFileType = sourcecode.swift; path = CausalBoundaryRegressionTests.swift; sourceTree = "<group>"; };
		A20000000000000000000025 /* CaptionStabilityDraftTests.swift */ = {isa = PBXFileReference; lastKnownFileType = sourcecode.swift; path = CaptionStabilityDraftTests.swift; sourceTree = "<group>"; };
		A20000000000000000000024 /* CaptionStabilitySchedulingTests.swift */ = {isa = PBXFileReference; lastKnownFileType = sourcecode.swift; path = CaptionStabilitySchedulingTests.swift; sourceTree = "<group>"; };
		A20000000000000000000023 /* CaptionStabilityLifecycleTests.swift */ = {isa = PBXFileReference; lastKnownFileType = sourcecode.swift; path = CaptionStabilityLifecycleTests.swift; sourceTree = "<group>"; };
		A20000000000000000000022 /* CaptionStabilityPublicationTests.swift */ = {isa = PBXFileReference; lastKnownFileType = sourcecode.swift; path = CaptionStabilityPublicationTests.swift; sourceTree = "<group>"; };
		A20000000000000000000016 /* LearningNotes.swift */ = {isa = PBXFileReference; lastKnownFileType = sourcecode.swift; path = LearningNotes.swift; sourceTree = "<group>"; };
		A20000000000000000000017 /* MLXRuntime.swift */ = {isa = PBXFileReference; lastKnownFileType = sourcecode.swift; path = MLXRuntime.swift; sourceTree = "<group>"; };
		A20000000000000000000018 /* ASRRuntime.swift */ = {isa = PBXFileReference; lastKnownFileType = sourcecode.swift; path = ASRRuntime.swift; sourceTree = "<group>"; };
		A20000000000000000000015 /* AppIcon.icon */ = {isa = PBXFileReference; lastKnownFileType = folder.icon; path = AppIcon.icon; sourceTree = "<group>"; };
		A20000000000000000000014 /* AcademicDomain.swift */ = {isa = PBXFileReference; lastKnownFileType = sourcecode.swift; path = AcademicDomain.swift; sourceTree = "<group>"; };
		A20000000000000000000001 /* LiveLingoApp.swift */ = {isa = PBXFileReference; lastKnownFileType = sourcecode.swift; path = LiveLingoApp.swift; sourceTree = "<group>"; };
		A20000000000000000000002 /* ContentView.swift */ = {isa = PBXFileReference; lastKnownFileType = sourcecode.swift; path = ContentView.swift; sourceTree = "<group>"; };
		A20000000000000000000003 /* FloatingSubtitleView.swift */ = {isa = PBXFileReference; lastKnownFileType = sourcecode.swift; path = FloatingSubtitleView.swift; sourceTree = "<group>"; };
		A20000000000000000000004 /* AppModel.swift */ = {isa = PBXFileReference; lastKnownFileType = sourcecode.swift; path = AppModel.swift; sourceTree = "<group>"; };
		A20000000000000000000005 /* SpeechPipeline.swift */ = {isa = PBXFileReference; lastKnownFileType = sourcecode.swift; path = SpeechPipeline.swift; sourceTree = "<group>"; };
		A20000000000000000000006 /* TranscriptSegment.swift */ = {isa = PBXFileReference; lastKnownFileType = sourcecode.swift; path = TranscriptSegment.swift; sourceTree = "<group>"; };
		A20000000000000000000007 /* SessionExporter.swift */ = {isa = PBXFileReference; lastKnownFileType = sourcecode.swift; path = SessionExporter.swift; sourceTree = "<group>"; };
		A20000000000000000000008 /* SessionExporterTests.swift */ = {isa = PBXFileReference; lastKnownFileType = sourcecode.swift; path = SessionExporterTests.swift; sourceTree = "<group>"; };
		A20000000000000000000009 /* Info.plist */ = {isa = PBXFileReference; lastKnownFileType = text.plist.xml; path = Info.plist; sourceTree = "<group>"; };
		A2000000000000000000000A /* LiveLingo.entitlements */ = {isa = PBXFileReference; lastKnownFileType = text.plist.entitlements; path = LiveLingo.entitlements; sourceTree = "<group>"; };
		A2000000000000000000000B /* LiveLingo.app */ = {isa = PBXFileReference; explicitFileType = wrapper.application; includeInIndex = 0; path = LiveLingo.app; sourceTree = BUILT_PRODUCTS_DIR; };
		A2000000000000000000000C /* LiveLingoTests.xctest */ = {isa = PBXFileReference; explicitFileType = wrapper.cfbundle; includeInIndex = 0; path = LiveLingoTests.xctest; sourceTree = BUILT_PRODUCTS_DIR; };
		A2000000000000000000000D /* QwenRuntime.swift */ = {isa = PBXFileReference; lastKnownFileType = sourcecode.swift; path = QwenRuntime.swift; sourceTree = "<group>"; };
		A20000000000000000000010 /* CausalBoundary.swift */ = {isa = PBXFileReference; lastKnownFileType = sourcecode.swift; path = CausalBoundary.swift; sourceTree = "<group>"; };
		A20000000000000000000011 /* SpeechActivityDetector.swift */ = {isa = PBXFileReference; lastKnownFileType = sourcecode.swift; path = SpeechActivityDetector.swift; sourceTree = "<group>"; };
		A20000000000000000000012 /* SummaryRefreshPolicy.swift */ = {isa = PBXFileReference; lastKnownFileType = sourcecode.swift; path = SummaryRefreshPolicy.swift; sourceTree = "<group>"; };
		A20000000000000000000021 /* CaptionNoteGate.swift */ = {isa = PBXFileReference; lastKnownFileType = sourcecode.swift; path = CaptionNoteGate.swift; sourceTree = "<group>"; };
		A20000000000000000000013 /* RealtimePolicyTests.swift */ = {isa = PBXFileReference; lastKnownFileType = sourcecode.swift; path = RealtimePolicyTests.swift; sourceTree = "<group>"; };
		A20000000000000000000019 /* TranslationAcceptanceTests.swift */ = {isa = PBXFileReference; lastKnownFileType = sourcecode.swift; path = TranslationAcceptanceTests.swift; sourceTree = "<group>"; };
		A2000000000000000000001A /* AudioContinuityTests.swift */ = {isa = PBXFileReference; lastKnownFileType = sourcecode.swift; path = AudioContinuityTests.swift; sourceTree = "<group>"; };
		A2000000000000000000001B /* ExportAndPriorityTests.swift */ = {isa = PBXFileReference; lastKnownFileType = sourcecode.swift; path = ExportAndPriorityTests.swift; sourceTree = "<group>"; };
		A2000000000000000000001C /* ReviewRetryTests.swift */ = {isa = PBXFileReference; lastKnownFileType = sourcecode.swift; path = ReviewRetryTests.swift; sourceTree = "<group>"; };
		A2000000000000000000001D /* MediaImportTests.swift */ = {isa = PBXFileReference; lastKnownFileType = sourcecode.swift; path = MediaImportTests.swift; sourceTree = "<group>"; };
		A2000000000000000000001E /* ClassroomPresentationTests.swift */ = {isa = PBXFileReference; lastKnownFileType = sourcecode.swift; path = ClassroomPresentationTests.swift; sourceTree = "<group>"; };
		A2000000000000000000001F /* LearningFollowUpTests.swift */ = {isa = PBXFileReference; lastKnownFileType = sourcecode.swift; path = LearningFollowUpTests.swift; sourceTree = "<group>"; };
		B0AE357E04C9DB48AE7E5DAE /* CodeIndexProvenanceTests.swift */ = {isa = PBXFileReference; lastKnownFileType = sourcecode.swift; path = CodeIndexProvenanceTests.swift; sourceTree = "<group>"; };
		9505FFEB607E48AF8146001F /* NumberLiteralIntegrityTests.swift */ = {isa = PBXFileReference; lastKnownFileType = sourcecode.swift; path = NumberLiteralIntegrityTests.swift; sourceTree = "<group>"; };
		4C6F7E0AA37E495AAA0B5C85 /* CountLanguageAcceptanceTests.swift */ = {isa = PBXFileReference; lastKnownFileType = sourcecode.swift; path = CountLanguageAcceptanceTests.swift; sourceTree = "<group>"; };
		61481391EF47F304FE7C5586 /* TranscriptStateTests.swift */ = {isa = PBXFileReference; lastKnownFileType = sourcecode.swift; path = TranscriptStateTests.swift; sourceTree = "<group>"; };
		8A7AEC88E07581EB6259A137 /* MLXOwnershipTests.swift */ = {isa = PBXFileReference; lastKnownFileType = sourcecode.swift; path = MLXOwnershipTests.swift; sourceTree = "<group>"; };
		9A3D7CDD5E39556753A3B06B /* DurableTranscriptionJournal.swift */ = {isa = PBXFileReference; lastKnownFileType = sourcecode.swift; path = DurableTranscriptionJournal.swift; sourceTree = "<group>"; };
		87D559A0FD3F562C84EFB257 /* DurableTranscriptionQueue.swift */ = {isa = PBXFileReference; lastKnownFileType = sourcecode.swift; path = DurableTranscriptionQueue.swift; sourceTree = "<group>"; };
		B833F34021E6F4BEE1D2B441 /* OwnedAudioCaptureBuffer.swift */ = {isa = PBXFileReference; lastKnownFileType = sourcecode.swift; path = OwnedAudioCaptureBuffer.swift; sourceTree = "<group>"; };
		9C515AF185EA23ED7DF663B2 /* SessionArchive.swift */ = {isa = PBXFileReference; lastKnownFileType = sourcecode.swift; path = SessionArchive.swift; sourceTree = "<group>"; };
		2CFCC412D4AE76DA01E9C312 /* SessionPersistence.swift */ = {isa = PBXFileReference; lastKnownFileType = sourcecode.swift; path = SessionPersistence.swift; sourceTree = "<group>"; };
		EF18D4B0ACF524E7BF92AE94 /* SessionTreeMigration.swift */ = {isa = PBXFileReference; lastKnownFileType = sourcecode.swift; path = SessionTreeMigration.swift; sourceTree = "<group>"; };
		6B24813D3AB630C6B987A16C /* AudioRemediationTests.swift */ = {isa = PBXFileReference; lastKnownFileType = sourcecode.swift; path = AudioRemediationTests.swift; sourceTree = "<group>"; };
		E3E7681F6F6509C442F83158 /* SessionStoreTests.swift */ = {isa = PBXFileReference; lastKnownFileType = sourcecode.swift; path = SessionStoreTests.swift; sourceTree = "<group>"; };
		A604E8F57B707990169FA517 /* SessionTreeMigrationTests.swift */ = {isa = PBXFileReference; lastKnownFileType = sourcecode.swift; path = SessionTreeMigrationTests.swift; sourceTree = "<group>"; };
		0464AE938D0DA8BDFC01AC02 /* CaptionIdentityTests.swift */ = {isa = PBXFileReference; lastKnownFileType = sourcecode.swift; path = CaptionIdentityTests.swift; sourceTree = "<group>"; };
		7D949BF904F20EF13F754C6D /* SavedProcessingView.swift */ = {isa = PBXFileReference; lastKnownFileType = sourcecode.swift; path = SavedProcessingView.swift; sourceTree = "<group>"; };
		BD92DF6ED58E3564FF373249 /* ResourceScheduling.swift */ = {isa = PBXFileReference; lastKnownFileType = sourcecode.swift; path = ResourceScheduling.swift; sourceTree = "<group>"; };
		DC2A12CCCC919BB523AFFB33 /* ReviewIdentity.swift */ = {isa = PBXFileReference; lastKnownFileType = sourcecode.swift; path = ReviewIdentity.swift; sourceTree = "<group>"; };
		EA33EF11F70BAA832EBE7D3D /* ReviewReportCollection.swift */ = {isa = PBXFileReference; lastKnownFileType = sourcecode.swift; path = ReviewReportCollection.swift; sourceTree = "<group>"; };
		337292BF21D61DC3DF379BC0 /* ResourceSchedulingTests.swift */ = {isa = PBXFileReference; lastKnownFileType = sourcecode.swift; path = ResourceSchedulingTests.swift; sourceTree = "<group>"; };
		7B302D42994401027F0893B5 /* SessionPersistenceTests.swift */ = {isa = PBXFileReference; lastKnownFileType = sourcecode.swift; path = SessionPersistenceTests.swift; sourceTree = "<group>"; };
		3B3A361BF6A43DB2222C7A97 /* ReviewIdentityTests.swift */ = {isa = PBXFileReference; lastKnownFileType = sourcecode.swift; path = ReviewIdentityTests.swift; sourceTree = "<group>"; };
		B70500000000000000000002 /* OutputLanguage.swift */ = {isa = PBXFileReference; lastKnownFileType = sourcecode.swift; path = OutputLanguage.swift; sourceTree = "<group>"; };
		B75500000000000000000002 /* TargetDefaultingTests.swift */ = {isa = PBXFileReference; lastKnownFileType = sourcecode.swift; path = TargetDefaultingTests.swift; sourceTree = "<group>"; };
		B75600000000000000000002 /* TargetPersistenceTests.swift */ = {isa = PBXFileReference; lastKnownFileType = sourcecode.swift; path = TargetPersistenceTests.swift; sourceTree = "<group>"; };
		B76600000000000000000002 /* CourseOutputLanguageTests.swift */ = {isa = PBXFileReference; lastKnownFileType = sourcecode.swift; path = CourseOutputLanguageTests.swift; sourceTree = "<group>"; };
		B75700000000000000000002 /* TargetExportTests.swift */ = {isa = PBXFileReference; lastKnownFileType = sourcecode.swift; path = TargetExportTests.swift; sourceTree = "<group>"; };
		B75800000000000000000002 /* TargetReviewRegressionTests.swift */ = {isa = PBXFileReference; lastKnownFileType = sourcecode.swift; path = TargetReviewRegressionTests.swift; sourceTree = "<group>"; };
		C70400000000000000000002 /* ChineseScriptConverter.swift */ = {isa = PBXFileReference; lastKnownFileType = sourcecode.swift; path = ChineseScriptConverter.swift; sourceTree = "<group>"; };
		C70400000000000000000004 /* ChineseScriptConverterTests.swift */ = {isa = PBXFileReference; lastKnownFileType = sourcecode.swift; path = ChineseScriptConverterTests.swift; sourceTree = "<group>"; };
		C70400000000000000000006 /* ZhVariants */ = {isa = PBXFileReference; lastKnownFileType = folder; path = ZhVariants; sourceTree = "<group>"; };
		C70400000000000000000008 /* ZhVariantFixtures */ = {isa = PBXFileReference; lastKnownFileType = folder; name = ZhVariantFixtures; path = "../Scripts/Fixtures/zh-variants-v1"; sourceTree = "<group>"; };
		C70800000000000000000002 /* TraditionalCaptionPresentationTests.swift */ = {isa = PBXFileReference; lastKnownFileType = sourcecode.swift; path = TraditionalCaptionPresentationTests.swift; sourceTree = "<group>"; };
		C70900000000000000000002 /* ClassroomMarkdownRendering.swift */ = {isa = PBXFileReference; lastKnownFileType = sourcecode.swift; path = ClassroomMarkdownRendering.swift; sourceTree = "<group>"; };
		C70900000000000000000004 /* TraditionalMarkdownRenderingTests.swift */ = {isa = PBXFileReference; lastKnownFileType = sourcecode.swift; path = TraditionalMarkdownRenderingTests.swift; sourceTree = "<group>"; };
		C71000000000000000000002 /* TraditionalSessionExporterTests.swift */ = {isa = PBXFileReference; lastKnownFileType = sourcecode.swift; path = TraditionalSessionExporterTests.swift; sourceTree = "<group>"; };
/* End PBXFileReference section */

/* Begin PBXFrameworksBuildPhase section */
		A60000000000000000000001 = {isa = PBXFrameworksBuildPhase; buildActionMask = 2147483647; files = (); runOnlyForDeploymentPostprocessing = 0; };
		A60000000000000000000002 = {isa = PBXFrameworksBuildPhase; buildActionMask = 2147483647; files = (); runOnlyForDeploymentPostprocessing = 0; };
/* End PBXFrameworksBuildPhase section */

/* Begin PBXGroup section */
		A70000000000000000000001 = {
			isa = PBXGroup;
			children = (
				A70000000000000000000002 /* LiveLingo */,
				A70000000000000000000005 /* LiveLingoTests */,
				A70000000000000000000006 /* Products */,
			);
			sourceTree = "<group>";
		};
		A70000000000000000000002 /* LiveLingo */ = {
			isa = PBXGroup;
			children = (
				A70000000000000000000003 /* Sources */,
				A70000000000000000000004 /* Resources */,
			);
			path = LiveLingo;
			sourceTree = "<group>";
		};
		A70000000000000000000003 /* Sources */ = {
			isa = PBXGroup;
			children = (
				C70400000000000000000002 /* ChineseScriptConverter.swift */,
				C70900000000000000000002 /* ClassroomMarkdownRendering.swift */,
				910000000000000000000002 /* FloatingSubtitlePreferences.swift */,
				930000000000000000000002 /* FloatingSubtitleWindow.swift */,
				940000000000000000000002 /* FullScreenClassMode.swift */,
				CA0000000000000000000102 /* CaptureHealth.swift */,
				B71900000000000000000002 /* TargetAcceptance.swift */,
				B72500000000000000000002 /* LatinCaptionPrompts.swift */,
		B72600000000000000000002 /* LatinLearningPrompts.swift */,
				B72600000000000000000004 /* LatinLearningText.swift */,
				B70500000000000000000002 /* OutputLanguage.swift */,
				900000000000000000000002 /* CaptionPresentation.swift */,
				EA33EF11F70BAA832EBE7D3D /* ReviewReportCollection.swift */,
				DC2A12CCCC919BB523AFFB33 /* ReviewIdentity.swift */,
				BD92DF6ED58E3564FF373249 /* ResourceScheduling.swift */,
				7D949BF904F20EF13F754C6D /* SavedProcessingView.swift */,EF18D4B0ACF524E7BF92AE94 /* SessionTreeMigration.swift */, 2CFCC412D4AE76DA01E9C312 /* SessionPersistence.swift */, 9C515AF185EA23ED7DF663B2 /* SessionArchive.swift */, B833F34021E6F4BEE1D2B441 /* OwnedAudioCaptureBuffer.swift */, 87D559A0FD3F562C84EFB257 /* DurableTranscriptionQueue.swift */, 9A3D7CDD5E39556753A3B06B /* DurableTranscriptionJournal.swift */,
				A20000000000000000000001 /* LiveLingoApp.swift */,
				A20000000000000000000002 /* ContentView.swift */,
				A20000000000000000000003 /* FloatingSubtitleView.swift */,
				A20000000000000000000004 /* AppModel.swift */,
				A20000000000000000000005 /* SpeechPipeline.swift */,
				EA1F1D3944F74AA19F668902 /* SpokenLanguage.swift */,
				EA1F1D3944F74AA19F668904 /* SourceLanguagePolicy.swift */,
				A20000000000000000000006 /* TranscriptSegment.swift */,
				A20000000000000000000007 /* SessionExporter.swift */,
				A2000000000000000000000D /* QwenRuntime.swift */,
				A20000000000000000000012 /* SummaryRefreshPolicy.swift */,
				A20000000000000000000021 /* CaptionNoteGate.swift */,
				A20000000000000000000016 /* LearningNotes.swift */,
				A20000000000000000000017 /* MLXRuntime.swift */,
				A20000000000000000000018 /* ASRRuntime.swift */,
				A20000000000000000000011 /* SpeechActivityDetector.swift */,
				A20000000000000000000026 /* SpeechPreviewAssets.swift */,
				CA5F00F22FE54B509A3AB67B /* WaveformFreshness.swift */,
				A20000000000000000000010 /* CausalBoundary.swift */,
				A20000000000000000000014 /* AcademicDomain.swift */,
			);
			path = Sources;
			sourceTree = "<group>";
		};
		A70000000000000000000004 /* Resources */ = {
			isa = PBXGroup;
			children = (
				C70400000000000000000006 /* ZhVariants */,
				A20000000000000000000009 /* Info.plist */,
				A20000000000000000000015 /* AppIcon.icon */,
				A2000000000000000000000A /* LiveLingo.entitlements */,
			);
			path = Resources;
			sourceTree = "<group>";
		};
		A70000000000000000000005 /* LiveLingoTests */ = {
			isa = PBXGroup;
			children = (
				C70800000000000000000002 /* TraditionalCaptionPresentationTests.swift */,
				C70900000000000000000004 /* TraditionalMarkdownRenderingTests.swift */,
				C71000000000000000000002 /* TraditionalSessionExporterTests.swift */,
				C70400000000000000000008 /* ZhVariantFixtures */,
				C70400000000000000000004 /* ChineseScriptConverterTests.swift */,
				B71400000000000000000002 /* TargetPipelineRefactorTests.swift */,
				B71600000000000000000002 /* TargetSourcePolicyRefactorTests.swift */,
				B71800000000000000000002 /* EnglishTargetTests.swift */,
				B72500000000000000000102 /* SpanishFrenchCaptionTests.swift */,
		B72600000000000000000102 /* SpanishFrenchLearningNotesTests.swift */,
				B72200000000000000000002 /* EnglishLearningNotesTests.swift */,
				B71900000000000000000004 /* LatinTargetAcceptanceTests.swift */,
				B75500000000000000000002 /* TargetDefaultingTests.swift */,
				B75700000000000000000002 /* TargetExportTests.swift */,
				B75800000000000000000002 /* TargetReviewRegressionTests.swift */,
				B76600000000000000000002 /* CourseOutputLanguageTests.swift */,
				B75600000000000000000002 /* TargetPersistenceTests.swift */,
				B7000000000000000000000A /* acceptance-verdicts-zh-Hans.json */,
				B70000000000000000000008 /* AcceptanceVerdictSnapshotTests.swift */,
				B70000000000000000000006 /* default-target-golden.json */,
				B70000000000000000000004 /* OutputLanguageBaselineTests.swift */,
				B70000000000000000000002 /* DefaultTargetGoldenTests.swift */,
				910000000000000000000004 /* FloatingSubtitleDisplayTests.swift */,
				930000000000000000000004 /* FloatingSubtitleWindowTests.swift */,
				940000000000000000000004 /* FullScreenClassModeTests.swift */,
				920000000000000000000002 /* TestPreferenceCleanup.swift */,
				14C010000000000000000002 /* ClassroomAppearanceTests.swift */,
				CA0000000000000000000104 /* CaptureHealthTests.swift */,
				CA0000000000000000000204 /* CaptureHealthSafetyTests.swift */,
				900000000000000000000004 /* MultilingualCaptionPresentationTests.swift */,
				789000000000000000000004 /* MultilingualSessionExporterTests.swift */,
				789000000000000000000002 /* MultilingualLearningNotesTests.swift */,
				6C634054097ADC3A8106F6CC /* MultilingualCaptionGateTests.swift */,
				E36FE3F43F9C3628B4ACABDC /* MultilingualAppModelTests.swift */,
				7F0000000000000000000002 /* TranslationFailureRecoveryTests.swift */,
				7F0000000000000000000006 /* TranslationRetirementRegressionTests.swift */,
				7F0000000000000000000004 /* TranslationFailurePersistenceTests.swift */,
				9503EACCE84D2D8339D5B133 /* MultilingualTranslationTests.swift */,
				A20000000000000000000020 /* CausalBoundaryRegressionTests.swift */,
				A20000000000000000000025 /* CaptionStabilityDraftTests.swift */,
				BDBD81461CD14BB28D892236 /* WaveformFreshnessAcceptanceTests.swift */,
				A20000000000000000000024 /* CaptionStabilitySchedulingTests.swift */,
				A20000000000000000000023 /* CaptionStabilityLifecycleTests.swift */,
				A20000000000000000000022 /* CaptionStabilityPublicationTests.swift */,
				3B3A361BF6A43DB2222C7A97 /* ReviewIdentityTests.swift */,
				7B302D42994401027F0893B5 /* SessionPersistenceTests.swift */,
				337292BF21D61DC3DF379BC0 /* ResourceSchedulingTests.swift */,0464AE938D0DA8BDFC01AC02 /* CaptionIdentityTests.swift */, A604E8F57B707990169FA517 /* SessionTreeMigrationTests.swift */, E3E7681F6F6509C442F83158 /* SessionStoreTests.swift */, EA1F1D3944F74AA19F668906 /* SourceLanguagePolicyTests.swift */, EA1F1D3944F74AA19F668908 /* LanguageCompatibilityTests.swift */, 6B24813D3AB630C6B987A16C /* AudioRemediationTests.swift */, 8A7AEC88E07581EB6259A137 /* MLXOwnershipTests.swift */, 61481391EF47F304FE7C5586 /* TranscriptStateTests.swift */, A20000000000000000000008 /* SessionExporterTests.swift */, A20000000000000000000013 /* RealtimePolicyTests.swift */, A20000000000000000000019 /* TranslationAcceptanceTests.swift */, A2000000000000000000001A /* AudioContinuityTests.swift */, A2000000000000000000001B /* ExportAndPriorityTests.swift */, A2000000000000000000001C /* ReviewRetryTests.swift */, A2000000000000000000001D /* MediaImportTests.swift */, A2000000000000000000001E /* ClassroomPresentationTests.swift */, A2000000000000000000001F /* LearningFollowUpTests.swift */, 4C6F7E0AA37E495AAA0B5C85 /* CountLanguageAcceptanceTests.swift */, 9505FFEB607E48AF8146001F /* NumberLiteralIntegrityTests.swift */, B0AE357E04C9DB48AE7E5DAE /* CodeIndexProvenanceTests.swift */,);
			path = LiveLingoTests;
			sourceTree = "<group>";
		};
		A70000000000000000000006 /* Products */ = {
			isa = PBXGroup;
			children = (
				A2000000000000000000000B /* LiveLingo.app */,
				A2000000000000000000000C /* LiveLingoTests.xctest */,
			);
			name = Products;
			sourceTree = "<group>";
		};
/* End PBXGroup section */

/* Begin PBXNativeTarget section */
		A50000000000000000000001 /* LiveLingo */ = {
			isa = PBXNativeTarget;
			buildConfigurationList = A80000000000000000000002;
			buildPhases = (
				A90000000000000000000001 /* Sources */,
				A60000000000000000000001 /* Frameworks */,
				AA0000000000000000000001 /* Resources */,
			);
			buildRules = ();
			dependencies = ();
			name = LiveLingo;
			productName = LiveLingo;
			productReference = A2000000000000000000000B /* LiveLingo.app */;
			productType = "com.apple.product-type.application";
		};
		A50000000000000000000002 /* LiveLingoTests */ = {
			isa = PBXNativeTarget;
			buildConfigurationList = A80000000000000000000003;
			buildPhases = (
				A90000000000000000000002 /* Sources */,
				A60000000000000000000002 /* Frameworks */,
				AA0000000000000000000002 /* Resources */,
			);
			buildRules = ();
			dependencies = (AB0000000000000000000001 /* PBXTargetDependency */,);
			name = LiveLingoTests;
			productName = LiveLingoTests;
			productReference = A2000000000000000000000C /* LiveLingoTests.xctest */;
			productType = "com.apple.product-type.bundle.unit-test";
		};
/* End PBXNativeTarget section */

/* Begin PBXProject section */
		A40000000000000000000001 /* Project object */ = {
			isa = PBXProject;
			attributes = {
				BuildIndependentTargetsInParallel = 1;
				LastSwiftUpdateCheck = 2700;
				LastUpgradeCheck = 2700;
				TargetAttributes = {
					A50000000000000000000001 = {CreatedOnToolsVersion = 27.0;};
					A50000000000000000000002 = {CreatedOnToolsVersion = 27.0; TestTargetID = A50000000000000000000001;};
				};
			};
			buildConfigurationList = A80000000000000000000001;
			compatibilityVersion = "Xcode 14.0";
			developmentRegion = "zh-Hans";
			hasScannedForEncodings = 0;
			knownRegions = (en, Base, "zh-Hans");
			mainGroup = A70000000000000000000001;
			productRefGroup = A70000000000000000000006;
			projectDirPath = "";
			projectRoot = "";
			targets = (A50000000000000000000001 /* LiveLingo */, A50000000000000000000002 /* LiveLingoTests */);
		};
/* End PBXProject section */

/* Begin PBXResourcesBuildPhase section */
		AA0000000000000000000001 /* Resources */ = {isa = PBXResourcesBuildPhase; buildActionMask = 2147483647; files = (C70400000000000000000005 /* ZhVariants in Resources */, A10000000000000000000015 /* AppIcon.icon in Resources */,); runOnlyForDeploymentPostprocessing = 0; };
		AA0000000000000000000002 /* Resources */ = {isa = PBXResourcesBuildPhase; buildActionMask = 2147483647; files = (C70400000000000000000007 /* ZhVariantFixtures in Resources */, B70000000000000000000005 /* default-target-golden.json in Resources */, B70000000000000000000009 /* acceptance-verdicts-zh-Hans.json in Resources */,); runOnlyForDeploymentPostprocessing = 0; };
/* End PBXResourcesBuildPhase section */

/* Begin PBXSourcesBuildPhase section */
		A90000000000000000000001 /* Sources */ = {
			isa = PBXSourcesBuildPhase;
			buildActionMask = 2147483647;
			files = (
				910000000000000000000001 /* FloatingSubtitlePreferences.swift in Sources */,
				930000000000000000000001 /* FloatingSubtitleWindow.swift in Sources */,
				940000000000000000000001 /* FullScreenClassMode.swift in Sources */,
				CA0000000000000000000101 /* CaptureHealth.swift in Sources */,
				B71900000000000000000001 /* TargetAcceptance.swift in Sources */,
				B72500000000000000000001 /* LatinCaptionPrompts.swift in Sources */,
		B72600000000000000000001 /* LatinLearningPrompts.swift in Sources */,
				B72600000000000000000003 /* LatinLearningText.swift in Sources */,
				B70500000000000000000001 /* OutputLanguage.swift in Sources */,
				C70400000000000000000001 /* ChineseScriptConverter.swift in Sources */,
				C70900000000000000000001 /* ClassroomMarkdownRendering.swift in Sources */,
				900000000000000000000001 /* CaptionPresentation.swift in Sources */,
				04F78613ACCF181FC7155CCF /* ReviewReportCollection.swift in Sources */,
				BFEA359EEB395F257C15B7E0 /* ReviewIdentity.swift in Sources */,
				D9EDEB0CD580BC2572257002 /* ResourceScheduling.swift in Sources */,
				9A370BEED6949FE07A6DF843 /* SavedProcessingView.swift in Sources */,
				3D87E46FA3512FF05EEC61B8 /* SessionTreeMigration.swift in Sources */,
				0E7CC0733A40B8A165F7ED08 /* SessionPersistence.swift in Sources */,
				2D1715B97C76BEDE7F2CBB46 /* SessionArchive.swift in Sources */,
				0B6B7EED57EB6BAF1FB68FC1 /* OwnedAudioCaptureBuffer.swift in Sources */,
				926DEFA3AD833EA51F9BD475 /* DurableTranscriptionQueue.swift in Sources */,
				63BEA4E5E39D622B4EC44543 /* DurableTranscriptionJournal.swift in Sources */,
				A10000000000000000000001 /* LiveLingoApp.swift in Sources */,
				A10000000000000000000002 /* ContentView.swift in Sources */,
				A10000000000000000000003 /* FloatingSubtitleView.swift in Sources */,
				A10000000000000000000004 /* AppModel.swift in Sources */,
				A10000000000000000000005 /* SpeechPipeline.swift in Sources */,
				EA1F1D3944F74AA19F668901 /* SpokenLanguage.swift in Sources */,
				EA1F1D3944F74AA19F668903 /* SourceLanguagePolicy.swift in Sources */,
				A10000000000000000000006 /* TranscriptSegment.swift in Sources */,
				A10000000000000000000007 /* SessionExporter.swift in Sources */,
				A10000000000000000000009 /* QwenRuntime.swift in Sources */,
				A10000000000000000000012 /* SummaryRefreshPolicy.swift in Sources */,
				A10000000000000000000021 /* CaptionNoteGate.swift in Sources */,
				A10000000000000000000016 /* LearningNotes.swift in Sources */,
				A10000000000000000000017 /* MLXRuntime.swift in Sources */,
				A10000000000000000000018 /* ASRRuntime.swift in Sources */,
				A10000000000000000000011 /* SpeechActivityDetector.swift in Sources */,
				A10000000000000000000026 /* SpeechPreviewAssets.swift in Sources */,
				4B1F01A936444537B3A68D72 /* WaveformFreshness.swift in Sources */,
				A10000000000000000000010 /* CausalBoundary.swift in Sources */,
				A10000000000000000000014 /* AcademicDomain.swift in Sources */,
			);
			runOnlyForDeploymentPostprocessing = 0;
		};
		A90000000000000000000002 /* Sources */ = {
			isa = PBXSourcesBuildPhase;
			buildActionMask = 2147483647;
			files = (
				B71400000000000000000001 /* TargetPipelineRefactorTests.swift in Sources */,
				B71600000000000000000001 /* TargetSourcePolicyRefactorTests.swift in Sources */,
				B71800000000000000000001 /* EnglishTargetTests.swift in Sources */,
				B72500000000000000000101 /* SpanishFrenchCaptionTests.swift in Sources */,
		B72600000000000000000101 /* SpanishFrenchLearningNotesTests.swift in Sources */,
				B72200000000000000000001 /* EnglishLearningNotesTests.swift in Sources */,
				B71900000000000000000003 /* LatinTargetAcceptanceTests.swift in Sources */,
				B75500000000000000000001 /* TargetDefaultingTests.swift in Sources */,
				B75700000000000000000001 /* TargetExportTests.swift in Sources */,
				B75800000000000000000001 /* TargetReviewRegressionTests.swift in Sources */,
				B76600000000000000000001 /* CourseOutputLanguageTests.swift in Sources */,
				B75600000000000000000001 /* TargetPersistenceTests.swift in Sources */,
				B70000000000000000000007 /* AcceptanceVerdictSnapshotTests.swift in Sources */,
				B70000000000000000000003 /* OutputLanguageBaselineTests.swift in Sources */,
				C70800000000000000000001 /* TraditionalCaptionPresentationTests.swift in Sources */,
				C70900000000000000000003 /* TraditionalMarkdownRenderingTests.swift in Sources */,
				C71000000000000000000001 /* TraditionalSessionExporterTests.swift in Sources */,
				C70400000000000000000003 /* ChineseScriptConverterTests.swift in Sources */,
				B70000000000000000000001 /* DefaultTargetGoldenTests.swift in Sources */,
				910000000000000000000003 /* FloatingSubtitleDisplayTests.swift in Sources */,
				930000000000000000000003 /* FloatingSubtitleWindowTests.swift in Sources */,
				940000000000000000000003 /* FullScreenClassModeTests.swift in Sources */,
				920000000000000000000001 /* TestPreferenceCleanup.swift in Sources */,
				14C010000000000000000001 /* ClassroomAppearanceTests.swift in Sources */,
				CA0000000000000000000103 /* CaptureHealthTests.swift in Sources */,
				CA0000000000000000000203 /* CaptureHealthSafetyTests.swift in Sources */,
				900000000000000000000003 /* MultilingualCaptionPresentationTests.swift in Sources */,
				789000000000000000000003 /* MultilingualSessionExporterTests.swift in Sources */,
				789000000000000000000001 /* MultilingualLearningNotesTests.swift in Sources */,
				F74C17E4B9DBAB4B17E9A433 /* ReviewIdentityTests.swift in Sources */,
				0D3DFC0CF75D7D67AC572AD4 /* SessionPersistenceTests.swift in Sources */,
				A10000000000000000000020 /* CausalBoundaryRegressionTests.swift in Sources */,
				A10000000000000000000025 /* CaptionStabilityDraftTests.swift in Sources */,
				C4DB2CDE54194730B47985D8 /* WaveformFreshnessAcceptanceTests.swift in Sources */,
				A10000000000000000000024 /* CaptionStabilitySchedulingTests.swift in Sources */,
				A10000000000000000000023 /* CaptionStabilityLifecycleTests.swift in Sources */,
				A10000000000000000000022 /* CaptionStabilityPublicationTests.swift in Sources */,
				892593BBED8FB1FC9C4B9892 /* ResourceSchedulingTests.swift in Sources */,
				BA0F6204768C526F80F5FC3D /* CaptionIdentityTests.swift in Sources */,
				B676BBD2DF14830C33164843 /* SessionTreeMigrationTests.swift in Sources */,
				ED4315AD3367783A35A82407 /* SessionStoreTests.swift in Sources */,
				EA1F1D3944F74AA19F668905 /* SourceLanguagePolicyTests.swift in Sources */,
				EA1F1D3944F74AA19F668907 /* LanguageCompatibilityTests.swift in Sources */,
				23DAF99A6A46840EF75BFF87 /* MultilingualCaptionGateTests.swift in Sources */,
				85FDBC2832DCA7D90ADB81A7 /* MultilingualAppModelTests.swift in Sources */,
				7F0000000000000000000001 /* TranslationFailureRecoveryTests.swift in Sources */,
				7F0000000000000000000005 /* TranslationRetirementRegressionTests.swift in Sources */,
				7F0000000000000000000003 /* TranslationFailurePersistenceTests.swift in Sources */,
				0E5D0123C95A0E85803EF27C /* MultilingualTranslationTests.swift in Sources */,
				426BDE147DC859D73739A60C /* AudioRemediationTests.swift in Sources */,
				0CE01B4507E3276B965D388A /* MLXOwnershipTests.swift in Sources */,
				84845F083D7F515C9602CB68 /* TranscriptStateTests.swift in Sources */,A10000000000000000000008 /* SessionExporterTests.swift in Sources */, A10000000000000000000013 /* RealtimePolicyTests.swift in Sources */, A10000000000000000000019 /* TranslationAcceptanceTests.swift in Sources */, A1000000000000000000001A /* AudioContinuityTests.swift in Sources */, A1000000000000000000001B /* ExportAndPriorityTests.swift in Sources */, A1000000000000000000001C /* ReviewRetryTests.swift in Sources */, A1000000000000000000001D /* MediaImportTests.swift in Sources */, A1000000000000000000001E /* ClassroomPresentationTests.swift in Sources */, A1000000000000000000001F /* LearningFollowUpTests.swift in Sources */, 324C076031A3417B868B9D8D /* CountLanguageAcceptanceTests.swift in Sources */, D4E69378D56E4279BE15D3B3 /* NumberLiteralIntegrityTests.swift in Sources */, 97F1A2C9FD8748DB092D32F2 /* CodeIndexProvenanceTests.swift in Sources */,);
			runOnlyForDeploymentPostprocessing = 0;
		};
/* End PBXSourcesBuildPhase section */

/* Begin PBXTargetDependency section */
		AB0000000000000000000001 /* PBXTargetDependency */ = {isa = PBXTargetDependency; target = A50000000000000000000001 /* LiveLingo */; targetProxy = A30000000000000000000001; };
/* End PBXTargetDependency section */

/* Begin XCBuildConfiguration section */
		AC0000000000000000000001 /* Debug */ = {isa = XCBuildConfiguration; buildSettings = {CLANG_ENABLE_MODULES = YES; MACOSX_DEPLOYMENT_TARGET = 14.0; SDKROOT = macosx; SWIFT_VERSION = 6.0;}; name = Debug;};
		AC0000000000000000000002 /* Release */ = {isa = XCBuildConfiguration; buildSettings = {CLANG_ENABLE_MODULES = YES; MACOSX_DEPLOYMENT_TARGET = 14.0; SDKROOT = macosx; SWIFT_COMPILATION_MODE = wholemodule; SWIFT_VERSION = 6.0;}; name = Release;};
		AC0000000000000000000003 /* Debug */ = {
			isa = XCBuildConfiguration;
			buildSettings = {
				ASSETCATALOG_COMPILER_APPICON_NAME = AppIcon;
				CODE_SIGN_ENTITLEMENTS = LiveLingo/Resources/LiveLingo.entitlements;
				CODE_SIGN_STYLE = Automatic;
				COMBINE_HIDPI_IMAGES = YES;
				ENABLE_APP_SANDBOX = YES;
				ENABLE_TESTABILITY = YES;
				ENABLE_HARDENED_RUNTIME = YES;
				GENERATE_INFOPLIST_FILE = NO;
				INFOPLIST_FILE = LiveLingo/Resources/Info.plist;
				PRODUCT_BUNDLE_IDENTIFIER = com.jianhongli.LiveLingo;
				PRODUCT_NAME = "$(TARGET_NAME)";
				SWIFT_EMIT_LOC_STRINGS = YES;
				SWIFT_STRICT_CONCURRENCY = complete;
				SWIFT_OPTIMIZATION_LEVEL = "-Onone";
				SWIFT_ACTIVE_COMPILATION_CONDITIONS = "$(inherited) DEBUG";
			};
			name = Debug;
		};
		AC0000000000000000000004 /* Release */ = {
			isa = XCBuildConfiguration;
			buildSettings = {
				CLANG_COVERAGE_MAPPING = NO;
				CLANG_ENABLE_CODE_COVERAGE = NO;
				ASSETCATALOG_COMPILER_APPICON_NAME = AppIcon;
				CODE_SIGN_ENTITLEMENTS = LiveLingo/Resources/LiveLingo.entitlements;
				CODE_SIGN_INJECT_BASE_ENTITLEMENTS = NO;
				CODE_SIGN_STYLE = Automatic;
				COMBINE_HIDPI_IMAGES = YES;
				ENABLE_APP_SANDBOX = YES;
				ENABLE_CODE_COVERAGE = NO;
				ENABLE_HARDENED_RUNTIME = YES;
				GENERATE_INFOPLIST_FILE = NO;
				INFOPLIST_FILE = LiveLingo/Resources/Info.plist;
				PRODUCT_BUNDLE_IDENTIFIER = com.jianhongli.LiveLingo;
				PRODUCT_NAME = "$(TARGET_NAME)";
				SWIFT_EMIT_LOC_STRINGS = YES;
				SWIFT_STRICT_CONCURRENCY = complete;
				VALIDATE_PRODUCT = YES;
			};
			name = Release;
		};
		AC0000000000000000000005 /* Debug */ = {
			isa = XCBuildConfiguration;
			buildSettings = {
				BUNDLE_LOADER = "$(TEST_HOST)";
				GENERATE_INFOPLIST_FILE = YES;
				PRODUCT_BUNDLE_IDENTIFIER = com.jianhongli.LiveLingoTests;
				PRODUCT_NAME = "$(TARGET_NAME)";
				SWIFT_STRICT_CONCURRENCY = complete;
				SWIFT_OPTIMIZATION_LEVEL = "-Onone";
				SWIFT_ACTIVE_COMPILATION_CONDITIONS = "$(inherited) DEBUG";
				TEST_HOST = "$(BUILT_PRODUCTS_DIR)/LiveLingo.app/Contents/MacOS/LiveLingo";
			};
			name = Debug;
		};
		AC0000000000000000000006 /* Release */ = {
			isa = XCBuildConfiguration;
			buildSettings = {
				BUNDLE_LOADER = "$(TEST_HOST)";
				GENERATE_INFOPLIST_FILE = YES;
				PRODUCT_BUNDLE_IDENTIFIER = com.jianhongli.LiveLingoTests;
				PRODUCT_NAME = "$(TARGET_NAME)";
				SWIFT_STRICT_CONCURRENCY = complete;
				TEST_HOST = "$(BUILT_PRODUCTS_DIR)/LiveLingo.app/Contents/MacOS/LiveLingo";
			};
			name = Release;
		};
/* End XCBuildConfiguration section */

/* Begin XCConfigurationList section */
		A80000000000000000000001 = {isa = XCConfigurationList; buildConfigurations = (AC0000000000000000000001, AC0000000000000000000002); defaultConfigurationIsVisible = 0; defaultConfigurationName = Release;};
		A80000000000000000000002 = {isa = XCConfigurationList; buildConfigurations = (AC0000000000000000000003, AC0000000000000000000004); defaultConfigurationIsVisible = 0; defaultConfigurationName = Release;};
		A80000000000000000000003 = {isa = XCConfigurationList; buildConfigurations = (AC0000000000000000000005, AC0000000000000000000006); defaultConfigurationIsVisible = 0; defaultConfigurationName = Release;};
/* End XCConfigurationList section */
	};
	rootObject = A40000000000000000000001 /* Project object */;
}
